<?xml version="1.0" encoding="utf-8"?>
<Project ToolsVersion="4.0" xmlns="http://schemas.microsoft.com/developer/msbuild/2003">
  <ItemGroup>
    <Filter Include="Source Files">
      <UniqueIdentifier>{4FC737F1-C7A5-4376-A066-2A32D752A2FF}</UniqueIdentifier>
      <Extensions>cpp;c;cc;cxx;def;odl;idl;hpj;bat;asm;asmx</Extensions>
    </Filter>
    <Filter Include="Header Files">
      <UniqueIdentifier>{93995380-89BD-4b04-88EB-625FBE52EBFB}</UniqueIdentifier>
      <Extensions>h;hh;hpp;hxx;hm;inl;inc;xsd</Extensions>
    </Filter>
    <Filter Include="Resource Files">
      <UniqueIdentifier>{67DA6AB6-F800-4c08-8B7A-83BB121AAD01}</UniqueIdentifier>
      <Extensions>rc;ico;cur;bmp;dlg;rc2;rct;bin;rgs;gif;jpg;jpeg;jpe;resx;tiff;tif;png;wav;mfcribbon-ms</Extensions>
    </Filter>
    <Filter Include="Source Files\unit tests">
      <UniqueIdentifier>{e40380c8-f01c-4faa-91af-0571bfdf2b3f}</UniqueIdentifier>
    </Filter>
    <Filter Include="Source Files\1 base">
      <UniqueIdentifier>{e5b8d387-ac8b-415b-86fe-5d349bd77190}</UniqueIdentifier>
    </Filter>
    <Filter Include="Source Files\1 base_unit_tests">
      <UniqueIdentifier>{b0e7f34d-4fee-42b1-a08f-d651ed7a90bf}</UniqueIdentifier>
    </Filter>
    <Filter Include="Source Files\2 time_containers">
      <UniqueIdentifier>{6cd4378b-1a97-421e-a6b1-fd251c23ab8f}</UniqueIdentifier>
    </Filter>
    <Filter Include="Source Files\2 time_containers_unit_test">
      <UniqueIdentifier>{36487d94-c0d3-4648-9742-64df37fdb196}</UniqueIdentifier>
    </Filter>
    <Filter Include="Source Files\3 vr base">
      <UniqueIdentifier>{2fdd1293-eea0-4b18-a0c1-d2ddeec3c30d}</UniqueIdentifier>
    </Filter>
    <Filter Include="Source Files\3 vr keys">
      <UniqueIdentifier>{b84fdd1e-9ead-46f1-9974-8afaa28238ba}</UniqueIdentifier>
    </Filter>
    <Filter Include="Source Files\3 vr_wrappers">
      <UniqueIdentifier>{623f9db7-b5cb-444f-930b-62a2c6e71ed3}</UniqueIdentifier>
    </Filter>
    <Filter Include="Source Files\4 tracker">
      <UniqueIdentifier>{50081c09-ad67-4649-ba99-89c295afc033}</UniqueIdentifier>
    </Filter>
    <Filter Include="Source Files\6 cursor">
      <UniqueIdentifier>{1a6e52d6-3b04-418a-a142-e0748e97d5fb}</UniqueIdentifier>
    </Filter>
    <Filter Include="Source Files\5 traverse">
      <UniqueIdentifier>{5f213dd7-4926-444e-a559-ae16253a5b45}</UniqueIdentifier>
    </Filter>
    <Filter Include="Source Files\3 vr keys test">
      <UniqueIdentifier>{0ac07d45-2135-4267-96fe-f3511496e326}</UniqueIdentifier>
    </Filter>
    <Filter Include="Source Files\4 tracker test">
      <UniqueIdentifier>{e0bcd322-c486-43c8-b615-5e03b101469a}</UniqueIdentifier>
    </Filter>
    <Filter Include="Source Files\5 traverse test">
      <UniqueIdentifier>{bb65b6d6-a7c2-42bf-a024-c1467c7c3ab8}</UniqueIdentifier>
    </Filter>
    <Filter Include="Source Files\6 cursor test">
      <UniqueIdentifier>{dbad0958-b406-4db7-811f-078209d9de20}</UniqueIdentifier>
    </Filter>
  </ItemGroup>
  <ItemGroup>
    <Text Include="ReadMe.txt" />
  </ItemGroup>
  <ItemGroup>
    <ClInclude Include="stdafx.h">
      <Filter>Header Files</Filter>
    </ClInclude>
    <ClInclude Include="targetver.h">
      <Filter>Header Files</Filter>
    </ClInclude>
    <ClInclude Include="time_containers.h">
      <Filter>Source Files\2 time_containers</Filter>
    </ClInclude>
    <ClInclude Include="range_algorithm.h">
      <Filter>Source Files\2 time_containers</Filter>
    </ClInclude>
    <ClInclude Include="slab_allocator.h">
      <Filter>Source Files\1 base</Filter>
    </ClInclude>
    <ClInclude Include="segmented_list.h">
      <Filter>Source Files\1 base</Filter>
    </ClInclude>
    <ClInclude Include="tmp_vector.h">
      <Filter>Source Files\1 base</Filter>
    </ClInclude>
    <ClInclude Include="vr_keys.h">
      <Filter>Source Files\3 vr keys</Filter>
    </ClInclude>
    <ClInclude Include="vr_schema.h">
      <Filter>Source Files\3 vr base</Filter>
    </ClInclude>
    <ClInclude Include="vr_tracker.h">
      <Filter>Source Files\4 tracker</Filter>
    </ClInclude>
    <ClInclude Include="vr_types.h">
      <Filter>Source Files\3 vr base</Filter>
    </ClInclude>
    <ClInclude Include="vr_wrappers_common.h">
      <Filter>Source Files\3 vr_wrappers</Filter>
    </ClInclude>
    <ClInclude Include="vr_system_wrapper.h">
      <Filter>Source Files\3 vr_wrappers</Filter>
    </ClInclude>
    <ClInclude Include="platform.h">
      <Filter>Source Files\1 base</Filter>
    </ClInclude>
    <ClInclude Include="schema_common.h">
      <Filter>Source Files\2 time_containers</Filter>
    </ClInclude>
    <ClInclude Include="vr_properties_indexer.h">
      <Filter>Source Files\3 vr keys</Filter>
    </ClInclude>
    <ClInclude Include="vr_mime_types_indexer.h">
      <Filter>Source Files\3 vr keys</Filter>
    </ClInclude>
    <ClInclude Include="vr_applications_properties_indexer.h">
      <Filter>Source Files\3 vr keys</Filter>
    </ClInclude>
    <ClInclude Include="vr_device_properties_indexer.h">
      <Filter>Source Files\3 vr keys</Filter>
    </ClInclude>
    <ClInclude Include="vr_settings_indexer.h">
      <Filter>Source Files\3 vr keys</Filter>
    </ClInclude>
    <ClInclude Include="string2int.h">
      <Filter>Source Files\1 base</Filter>
    </ClInclude>
    <ClInclude Include="vr_overlay_wrapper.h">
      <Filter>Source Files\3 vr_wrappers</Filter>
    </ClInclude>
    <ClInclude Include="vr_overlay_indexer.h">
      <Filter>Source Files\3 vr keys</Filter>
    </ClInclude>
    <ClInclude Include="vr_applications_wrapper.h">
      <Filter>Source Files\3 vr_wrappers</Filter>
    </ClInclude>
    <ClInclude Include="vr_settings_wrapper.h">
      <Filter>Source Files\3 vr_wrappers</Filter>
    </ClInclude>
    <ClInclude Include="vr_chaperone_wrapper.h">
      <Filter>Source Files\3 vr_wrappers</Filter>
    </ClInclude>
    <ClInclude Include="vr_chaperone_setup_wrapper.h">
      <Filter>Source Files\3 vr_wrappers</Filter>
    </ClInclude>
    <ClInclude Include="vr_compositor_wrapper.h">
      <Filter>Source Files\3 vr_wrappers</Filter>
    </ClInclude>
    <ClInclude Include="vr_extended_display_wrapper.h">
      <Filter>Source Files\3 vr_wrappers</Filter>
    </ClInclude>
    <ClInclude Include="vr_tracked_camera_wrapper.h">
      <Filter>Source Files\3 vr_wrappers</Filter>
    </ClInclude>
    <ClInclude Include="vr_resources_wrapper.h">
      <Filter>Source Files\3 vr_wrappers</Filter>
    </ClInclude>
    <ClInclude Include="openvr_broker.h">
      <Filter>Source Files\3 vr base</Filter>
    </ClInclude>
    <ClInclude Include="tracker_config.h">
      <Filter>Source Files\3 vr base</Filter>
    </ClInclude>
    <ClInclude Include="vr_applications_indexer.h">
      <Filter>Source Files\3 vr keys</Filter>
    </ClInclude>
    <ClInclude Include="vr_tmp_vector.h">
      <Filter>Source Files\3 vr base</Filter>
    </ClInclude>
    <ClInclude Include="vr_constants.h">
      <Filter>Source Files\3 vr base</Filter>
    </ClInclude>
    <ClInclude Include="vr_resources_indexer.h">
      <Filter>Source Files\3 vr keys</Filter>
    </ClInclude>
    <ClInclude Include="base_serialization.h">
      <Filter>Source Files\1 base</Filter>
    </ClInclude>
    <ClInclude Include="openvr_serialization.h">
      <Filter>Source Files\3 vr base</Filter>
    </ClInclude>
    <ClInclude Include="url_named.h">
      <Filter>Source Files\1 base</Filter>
    </ClInclude>
    <ClInclude Include="typehelper.h">
      <Filter>Source Files\1 base</Filter>
    </ClInclude>
    <ClInclude Include="range.h">
      <Filter>Source Files\1 base</Filter>
    </ClInclude>
    <ClInclude Include="result.h">
      <Filter>Source Files\1 base</Filter>
    </ClInclude>
    <ClInclude Include="vr_string_indexer.h">
      <Filter>Source Files\3 vr keys</Filter>
    </ClInclude>
    <ClInclude Include="openvr_cppstub.h">
      <Filter>Source Files\6 cursor</Filter>
    </ClInclude>
    <ClInclude Include="log.h">
      <Filter>Source Files\1 base</Filter>
    </ClInclude>
    <ClInclude Include="vr_system_cursor.h">
      <Filter>Source Files\6 cursor</Filter>
    </ClInclude>
    <ClInclude Include="vr_cursor_context.h">
      <Filter>Source Files\6 cursor</Filter>
    </ClInclude>
    <ClInclude Include="vr_cursor_common.h">
      <Filter>Source Files\6 cursor</Filter>
    </ClInclude>
    <ClInclude Include="vr_applications_cursor.h">
      <Filter>Source Files\6 cursor</Filter>
    </ClInclude>
    <ClInclude Include="vr_settings_cursor.h">
      <Filter>Source Files\6 cursor</Filter>
    </ClInclude>
    <ClInclude Include="vr_chaperone_cursor.h">
      <Filter>Source Files\6 cursor</Filter>
    </ClInclude>
    <ClInclude Include="vr_chaperone_setup_cursor.h">
      <Filter>Source Files\6 cursor</Filter>
    </ClInclude>
    <ClInclude Include="vr_render_models_wrapper.h">
      <Filter>Source Files\3 vr_wrappers</Filter>
    </ClInclude>
    <ClInclude Include="vr_overlay_cursor.h">
      <Filter>Source Files\6 cursor</Filter>
    </ClInclude>
    <ClInclude Include="vr_render_models_cursor.h">
      <Filter>Source Files\6 cursor</Filter>
    </ClInclude>
    <ClInclude Include="openvr_softcompare.h">
      <Filter>Source Files\3 vr base</Filter>
    </ClInclude>
    <ClInclude Include="vr_extended_display_cursor.h">
      <Filter>Source Files\6 cursor</Filter>
    </ClInclude>
    <ClInclude Include="vr_screenshots_cursor.h">
      <Filter>Source Files\6 cursor</Filter>
    </ClInclude>
    <ClInclude Include="vr_resources_cursor.h">
      <Filter>Source Files\6 cursor</Filter>
    </ClInclude>
    <ClInclude Include="vr_cursor.h">
      <Filter>Source Files\6 cursor</Filter>
    </ClInclude>
    <ClInclude Include="vr_notifications_cursor.h">
      <Filter>Source Files\6 cursor</Filter>
    </ClInclude>
    <ClInclude Include="vr_compositor_cursor.h">
      <Filter>Source Files\6 cursor</Filter>
    </ClInclude>
    <ClInclude Include="vr_tracked_camera_cursor.h">
      <Filter>Source Files\6 cursor</Filter>
    </ClInclude>
    <ClInclude Include="vr_tracker_traverse.h">
      <Filter>Source Files\5 traverse</Filter>
    </ClInclude>
    <ClInclude Include="unit_tests\tracker_test_context.h">
      <Filter>Source Files\4 tracker test</Filter>
    </ClInclude>
    <ClInclude Include="tracker_encode_visitor.h">
      <Filter>Source Files\5 traverse</Filter>
    </ClInclude>
    <ClInclude Include="tracker_update_visitor.h">
      <Filter>Source Files\5 traverse</Filter>
    </ClInclude>
    <ClInclude Include="traverse_graph.h">
      <Filter>Source Files\4 tracker</Filter>
    </ClInclude>
    <ClInclude Include="EncodeStream.h">
      <Filter>Source Files\1 base</Filter>
    </ClInclude>
    <ClInclude Include="dynamic_bitset.hpp">
      <Filter>Source Files\1 base</Filter>
    </ClInclude>
    <ClInclude Include="vr_observable_indexer.h">
      <Filter>Source Files\3 vr keys</Filter>
    </ClInclude>
    <ClInclude Include="crc_32.h">
      <Filter>Source Files\1 base</Filter>
    </ClInclude>
    <ClInclude Include="tracker_decode_visitor.h">
      <Filter>Source Files\5 traverse</Filter>
    </ClInclude>
    <ClInclude Include="tracker_id_fixer_visitor.h">
      <Filter>Source Files\5 traverse</Filter>
    </ClInclude>
  </ItemGroup>
  <ItemGroup>
    <ClCompile Include="stdafx.cpp">
      <Filter>Source Files</Filter>
    </ClCompile>
    <ClCompile Include="slab_allocator.cpp">
      <Filter>Source Files\1 base</Filter>
    </ClCompile>
    <ClCompile Include="vr_properties_indexer.cpp">
      <Filter>Source Files\3 vr keys</Filter>
    </ClCompile>
    <ClCompile Include="vr_mime_types_indexer.cpp">
      <Filter>Source Files\3 vr keys</Filter>
    </ClCompile>
    <ClCompile Include="vr_applications_properties_indexer.cpp">
      <Filter>Source Files\3 vr keys</Filter>
    </ClCompile>
    <ClCompile Include="vr_device_properties_indexer.cpp">
      <Filter>Source Files\3 vr keys</Filter>
    </ClCompile>
    <ClCompile Include="vr_overlay_indexer.cpp">
      <Filter>Source Files\3 vr keys</Filter>
    </ClCompile>
    <ClCompile Include="vr_applications_indexer.cpp">
      <Filter>Source Files\3 vr keys</Filter>
    </ClCompile>
    <ClCompile Include="vr_resources_indexer.cpp">
      <Filter>Source Files\3 vr keys</Filter>
    </ClCompile>
    <ClCompile Include="vr_tmp_vector.cpp">
      <Filter>Source Files\3 vr base</Filter>
    </ClCompile>
    <ClCompile Include="..\vrstrings\src\openvr_string_structs.cpp">
      <Filter>Source Files\3 vr base</Filter>
    </ClCompile>
    <ClCompile Include="..\vrstrings\src\openvr_string_passthru_enums.cpp">
      <Filter>Source Files\3 vr base</Filter>
    </ClCompile>
    <ClCompile Include="..\vrstrings\src\openvr_string_gen_enums.cpp">
      <Filter>Source Files\3 vr base</Filter>
    </ClCompile>
    <ClCompile Include="openvr_broker.cpp">
      <Filter>Source Files\3 vr base</Filter>
    </ClCompile>
    <ClCompile Include="vr_settings_indexer.cpp">
      <Filter>Source Files\3 vr keys</Filter>
    </ClCompile>
    <ClCompile Include="tracker_config.cpp">
      <Filter>Source Files\3 vr base</Filter>
    </ClCompile>
    <ClCompile Include="main.cpp">
      <Filter>Source Files\unit tests</Filter>
    </ClCompile>
    <ClCompile Include="vr_string_indexer.cpp">
      <Filter>Source Files\3 vr keys</Filter>
    </ClCompile>
    <ClCompile Include="openvr_cppstub.cpp">
      <Filter>Source Files\6 cursor</Filter>
    </ClCompile>
    <ClCompile Include="log.cpp">
      <Filter>Source Files\1 base</Filter>
    </ClCompile>
    <ClCompile Include="url_named.cpp">
      <Filter>Source Files\1 base</Filter>
    </ClCompile>
    <ClCompile Include="vr_system_cursor.cpp">
      <Filter>Source Files\6 cursor</Filter>
    </ClCompile>
    <ClCompile Include="vr_applications_cursor.cpp">
      <Filter>Source Files\6 cursor</Filter>
    </ClCompile>
    <ClCompile Include="vr_settings_cursor.cpp">
      <Filter>Source Files\6 cursor</Filter>
    </ClCompile>
    <ClCompile Include="vr_chaperone_cursor.cpp">
      <Filter>Source Files\6 cursor</Filter>
    </ClCompile>
    <ClCompile Include="vr_chaperone_setup_cursor.cpp">
      <Filter>Source Files\6 cursor</Filter>
    </ClCompile>
    <ClCompile Include="vr_overlay_cursor.cpp">
      <Filter>Source Files\6 cursor</Filter>
    </ClCompile>
    <ClCompile Include="vr_render_models_cursor.cpp">
      <Filter>Source Files\6 cursor</Filter>
    </ClCompile>
    <ClCompile Include="vr_extended_display_cursor.cpp">
      <Filter>Source Files\6 cursor</Filter>
    </ClCompile>
    <ClCompile Include="vr_tracked_camera_cursor.cpp">
      <Filter>Source Files\6 cursor</Filter>
    </ClCompile>
    <ClCompile Include="vr_resources_cursor.cpp">
      <Filter>Source Files\6 cursor</Filter>
    </ClCompile>
    <ClCompile Include="vr_cursor.cpp">
      <Filter>Source Files\6 cursor</Filter>
    </ClCompile>
    <ClCompile Include="vr_cursor_context.cpp">
      <Filter>Source Files\6 cursor</Filter>
    </ClCompile>
    <ClCompile Include="vr_compositor_cursor.cpp">
      <Filter>Source Files\6 cursor</Filter>
    </ClCompile>
    <ClCompile Include="unit_tests\test_result.cpp">
      <Filter>Source Files\1 base_unit_tests</Filter>
    </ClCompile>
    <ClCompile Include="unit_tests\test_segmented_list.cpp">
      <Filter>Source Files\1 base_unit_tests</Filter>
    </ClCompile>
    <ClCompile Include="unit_tests\test_base_main.cpp">
      <Filter>Source Files\1 base_unit_tests</Filter>
    </ClCompile>
    <ClCompile Include="unit_tests\test_slab_allocator.cpp">
      <Filter>Source Files\1 base_unit_tests</Filter>
    </ClCompile>
    <ClCompile Include="unit_tests\test_schema_common.cpp">
      <Filter>Source Files\2 time_containers_unit_test</Filter>
    </ClCompile>
    <ClCompile Include="unit_tests\test_time_containers.cpp">
      <Filter>Source Files\2 time_containers_unit_test</Filter>
    </ClCompile>
    <ClCompile Include="unit_tests\test_time_containers_main.cpp">
      <Filter>Source Files\2 time_containers_unit_test</Filter>
    </ClCompile>
    <ClCompile Include="unit_tests\test_indexers.cpp">
      <Filter>Source Files\3 vr keys test</Filter>
    </ClCompile>
    <ClCompile Include="unit_tests\test_vr_keys_main.cpp">
      <Filter>Source Files\3 vr keys test</Filter>
    </ClCompile>
    <ClCompile Include="vr_tracker_traverse.cpp">
      <Filter>Source Files\5 traverse</Filter>
    </ClCompile>
    <ClCompile Include="unit_tests\UPDATE.cpp">
      <Filter>Source Files\5 traverse test</Filter>
    </ClCompile>
    <ClCompile Include="unit_tests\tracker_test_context.cpp">
      <Filter>Source Files\4 tracker test</Filter>
    </ClCompile>
    <ClCompile Include="unit_tests\test_cursors.cpp">
      <Filter>Source Files\6 cursor test</Filter>
    </ClCompile>
    <ClCompile Include="unit_tests\test_tracker_main.cpp">
      <Filter>Source Files\4 tracker test</Filter>
    </ClCompile>
    <ClCompile Include="unit_tests\test_gui_usecase.cpp">
      <Filter>Source Files\4 tracker test</Filter>
    </ClCompile>
    <ClCompile Include="unit_tests\test_traverse_main.cpp">
      <Filter>Source Files\5 traverse test</Filter>
    </ClCompile>
    <ClCompile Include="unit_tests\test_cursors_main.cpp">
      <Filter>Source Files\6 cursor test</Filter>
    </ClCompile>
    <ClCompile Include="unit_tests\test_tracker_serialization.cpp">
      <Filter>Source Files\5 traverse test</Filter>
    </ClCompile>
    <ClCompile Include="crc_32.cpp">
      <Filter>Source Files\1 base</Filter>
    </ClCompile>
    <ClCompile Include="base_serialization.cpp">
      <Filter>Source Files\1 base</Filter>
    </ClCompile>
    <ClCompile Include="unit_tests\test_tracker_class.cpp">
      <Filter>Source Files\4 tracker test</Filter>
    </ClCompile>
  </ItemGroup>
</Project>